// !$*UTF8*$!
{
	archiveVersion = 1;
	classes = {
	};
	objectVersion = 50;
	objects = {

/* Begin PBXBuildFile section */
		BAD30ABC285A234B009BE022 /* AppDelegate.swift in Sources */ = {isa = PBXBuildFile; fileRef = BAD30ABB285A234B009BE022 /* AppDelegate.swift */; };
		BAD30ABE285A234B009BE022 /* SceneDelegate.swift in Sources */ = {isa = PBXBuildFile; fileRef = BAD30ABD285A234B009BE022 /* SceneDelegate.swift */; };
		BAD30AC0285A234B009BE022 /* ViewController.swift in Sources */ = {isa = PBXBuildFile; fileRef = BAD30ABF285A234B009BE022 /* ViewController.swift */; };
		BAD30AC3285A234B009BE022 /* Main.storyboard in Resources */ = {isa = PBXBuildFile; fileRef = BAD30AC1285A234B009BE022 /* Main.storyboard */; };
		BAD30AC5285A234E009BE022 /* Assets.xcassets in Resources */ = {isa = PBXBuildFile; fileRef = BAD30AC4285A234E009BE022 /* Assets.xcassets */; };
		BAD30AC8285A234E009BE022 /* LaunchScreen.storyboard in Resources */ = {isa = PBXBuildFile; fileRef = BAD30AC6285A234E009BE022 /* LaunchScreen.storyboard */; };
		BAD30AD0285A2B02009BE022 /* Service.swift in Sources */ = {isa = PBXBuildFile; fileRef = BAD30ACF285A2B02009BE022 /* Service.swift */; };
		BAD30AD3285A4DC7009BE022 /* CEPModel.swift in Sources */ = {isa = PBXBuildFile; fileRef = BAD30AD2285A4DC7009BE022 /* CEPModel.swift */; };
/* End PBXBuildFile section */

/* Begin PBXFileReference section */
		BAD30AB8285A234B009BE022 /* consultaCEP.app */ = {isa = PBXFileReference; explicitFileType = wrapper.application; includeInIndex = 0; path = consultaCEP.app; sourceTree = BUILT_PRODUCTS_DIR; };
		BAD30ABB285A234B009BE022 /* AppDelegate.swift */ = {isa = PBXFileReference; lastKnownFileType = sourcecode.swift; path = AppDelegate.swift; sourceTree = "<group>"; };
		BAD30ABD285A234B009BE022 /* SceneDelegate.swift */ = {isa = PBXFileReference; lastKnownFileType = sourcecode.swift; path = SceneDelegate.swift; sourceTree = "<group>"; };
		BAD30ABF285A234B009BE022 /* ViewController.swift */ = {isa = PBXFileReference; lastKnownFileType = sourcecode.swift; path = ViewController.swift; sourceTree = "<group>"; };
		BAD30AC2285A234B009BE022 /* Base */ = {isa = PBXFileReference; lastKnownFileType = file.storyboard; name = Base; path = Base.lproj/Main.storyboard; sourceTree = "<group>"; };
		BAD30AC4285A234E009BE022 /* Assets.xcassets */ = {isa = PBXFileReference; lastKnownFileType = folder.assetcatalog; path = Assets.xcassets; sourceTree = "<group>"; };
		BAD30AC7285A234E009BE022 /* Base */ = {isa = PBXFileReference; lastKnownFileType = file.storyboard; name = Base; path = Base.lproj/LaunchScreen.storyboard; sourceTree = "<group>"; };
		BAD30AC9285A234E009BE022 /* Info.plist */ = {isa = PBXFileReference; lastKnownFileType = text.plist.xml; path = Info.plist; sourceTree = "<group>"; };
		BAD30ACF285A2B02009BE022 /* Service.swift */ = {isa = PBXFileReference; lastKnownFileType = sourcecode.swift; path = Service.swift; sourceTree = "<group>"; };
		BAD30AD2285A4DC7009BE022 /* CEPModel.swift */ = {isa = PBXFileReference; lastKnownFileType = sourcecode.swift; path = CEPModel.swift; sourceTree = "<group>"; };
/* End PBXFileReference section */

/* Begin PBXFrameworksBuildPhase section */
		BAD30AB5285A234B009BE022 /* Frameworks */ = {
			isa = PBXFrameworksBuildPhase;
			buildActionMask = 2147483647;
			files = (
			);
			runOnlyForDeploymentPostprocessing = 0;
		};
/* End PBXFrameworksBuildPhase section */

/* Begin PBXGroup section */
		BAD30AAF285A234A009BE022 = {
			isa = PBXGroup;
			children = (
				BAD30ABA285A234B009BE022 /* consultaCEP */,
				BAD30AB9285A234B009BE022 /* Products */,
			);
			sourceTree = "<group>";
		};
		BAD30AB9285A234B009BE022 /* Products */ = {
			isa = PBXGroup;
			children = (
				BAD30AB8285A234B009BE022 /* consultaCEP.app */,
			);
			name = Products;
			sourceTree = "<group>";
		};
		BAD30ABA285A234B009BE022 /* consultaCEP */ = {
			isa = PBXGroup;
			children = (
				BAD30ABB285A234B009BE022 /* AppDelegate.swift */,
				BAD30ABD285A234B009BE022 /* SceneDelegate.swift */,
				BAD30AD5285A5149009BE022 /* Controller */,
				BAD30AD4285A5123009BE022 /* View */,
				BAD30AD1285A4D82009BE022 /* Model */,
				BAD30AC4285A234E009BE022 /* Assets.xcassets */,
				BAD30AC6285A234E009BE022 /* LaunchScreen.storyboard */,
				BAD30AC9285A234E009BE022 /* Info.plist */,
			);
			path = consultaCEP;
			sourceTree = "<group>";
		};
		BAD30AD1285A4D82009BE022 /* Model */ = {
			isa = PBXGroup;
			children = (
				BAD30ACF285A2B02009BE022 /* Service.swift */,
				BAD30AD2285A4DC7009BE022 /* CEPModel.swift */,
			);
			name = Model;
			sourceTree = "<group>";
		};
		BAD30AD4285A5123009BE022 /* View */ = {
			isa = PBXGroup;
			children = (
				BAD30AC1285A234B009BE022 /* Main.storyboard */,
			);
			path = View;
			sourceTree = "<group>";
		};
		BAD30AD5285A5149009BE022 /* Controller */ = {
			isa = PBXGroup;
			children = (
				BAD30ABF285A234B009BE022 /* ViewController.swift */,
			);
			name = Controller;
			sourceTree = "<group>";
		};
/* End PBXGroup section */

/* Begin PBXNativeTarget section */
		BAD30AB7285A234B009BE022 /* consultaCEP */ = {
			isa = PBXNativeTarget;
			buildConfigurationList = BAD30ACC285A234E009BE022 /* Build configuration list for PBXNativeTarget "consultaCEP" */;
			buildPhases = (
				BAD30AB4285A234B009BE022 /* Sources */,
				BAD30AB5285A234B009BE022 /* Frameworks */,
				BAD30AB6285A234B009BE022 /* Resources */,
			);
			buildRules = (
			);
			dependencies = (
			);
			name = consultaCEP;
			productName = consultaCEP;
			productReference = BAD30AB8285A234B009BE022 /* consultaCEP.app */;
			productType = "com.apple.product-type.application";
		};
/* End PBXNativeTarget section */

/* Begin PBXProject section */
		BAD30AB0285A234A009BE022 /* Project object */ = {
			isa = PBXProject;
			attributes = {
				LastSwiftUpdateCheck = 1250;
				LastUpgradeCheck = 1250;
				TargetAttributes = {
					BAD30AB7285A234B009BE022 = {
						CreatedOnToolsVersion = 12.5.1;
					};
				};
			};
			buildConfigurationList = BAD30AB3285A234A009BE022 /* Build configuration list for PBXProject "consultaCEP" */;
			compatibilityVersion = "Xcode 9.3";
			developmentRegion = en;
			hasScannedForEncodings = 0;
			knownRegions = (
				en,
				Base,
			);
			mainGroup = BAD30AAF285A234A009BE022;
			productRefGroup = BAD30AB9285A234B009BE022 /* Products */;
			projectDirPath = "";
			projectRoot = "";
			targets = (
				BAD30AB7285A234B009BE022 /* consultaCEP */,
			);
		};
/* End PBXProject section */

/* Begin PBXResourcesBuildPhase section */
		BAD30AB6285A234B009BE022 /* Resources */ = {
			isa = PBXResourcesBuildPhase;
			buildActionMask = 2147483647;
			files = (
				BAD30AC8285A234E009BE022 /* LaunchScreen.storyboard in Resources */,
				BAD30AC5285A234E009BE022 /* Assets.xcassets in Resources */,
				BAD30AC3285A234B009BE022 /* Main.storyboard in Resources */,
			);
			runOnlyForDeploymentPostprocessing = 0;
		};
/* End PBXResourcesBuildPhase section */

/* Begin PBXSourcesBuildPhase section */
		BAD30AB4285A234B009BE022 /* Sources */ = {
			isa = PBXSourcesBuildPhase;
			buildActionMask = 2147483647;
			files = (
				BAD30AC0285A234B009BE022 /* ViewController.swift in Sources */,
				BAD30AD0285A2B02009BE022 /* Service.swift in Sources */,
				BAD30ABC285A234B009BE022 /* AppDelegate.swift in Sources */,
				BAD30AD3285A4DC7009BE022 /* CEPModel.swift in Sources */,
				BAD30ABE285A234B009BE022 /* SceneDelegate.swift in Sources */,
			);
			runOnlyForDeploymentPostprocessing = 0;
		};
/* End PBXSourcesBuildPhase section */

/* Begin PBXVariantGroup section */
		BAD30AC1285A234B009BE022 /* Main.storyboard */ = {
			isa = PBXVariantGroup;
			children = (
				BAD30AC2285A234B009BE022 /* Base */,
			);
			name = Main.storyboard;
			sourceTree = "<group>";
		};
		BAD30AC6285A234E009BE022 /* LaunchScreen.storyboard */ = {
			isa = PBXVariantGroup;
			children = (
				BAD30AC7285A234E009BE022 /* Base */,
			);
			name = LaunchScreen.storyboard;
			sourceTree = "<group>";
		};
/* End PBXVariantGroup section */

/* Begin XCBuildConfiguration section */
		BAD30ACA285A234E009BE022 /* Debug */ = {
			isa = XCBuildConfiguration;
			buildSettings = {
				ALWAYS_SEARCH_USER_PATHS = NO;
				CLANG_ANALYZER_NONNULL = YES;
				CLANG_ANALYZER_NUMBER_OBJECT_CONVERSION = YES_AGGRESSIVE;
				CLANG_CXX_LANGUAGE_STANDARD = "gnu++14";
				CLANG_CXX_LIBRARY = "libc++";
				CLANG_ENABLE_MODULES = YES;
				CLANG_ENABLE_OBJC_ARC = YES;
				CLANG_ENABLE_OBJC_WEAK = YES;
				CLANG_WARN_BLOCK_CAPTURE_AUTORELEASING = YES;
				CLANG_WARN_BOOL_CONVERSION = YES;
				CLANG_WARN_COMMA = YES;
				CLANG_WARN_CONSTANT_CONVERSION = YES;
				CLANG_WARN_DEPRECATED_OBJC_IMPLEMENTATIONS = YES;
				CLANG_WARN_DIRECT_OBJC_ISA_USAGE = YES_ERROR;
				CLANG_WARN_DOCUMENTATION_COMMENTS = YES;
				CLANG_WARN_EMPTY_BODY = YES;
				CLANG_WARN_ENUM_CONVERSION = YES;
				CLANG_WARN_INFINITE_RECURSION = YES;
				CLANG_WARN_INT_CONVERSION = YES;
				CLANG_WARN_NON_LITERAL_NULL_CONVERSION = YES;
				CLANG_WARN_OBJC_IMPLICIT_RETAIN_SELF = YES;
				CLANG_WARN_OBJC_LITERAL_CONVERSION = YES;
				CLANG_WARN_OBJC_ROOT_CLASS = YES_ERROR;
				CLANG_WARN_QUOTED_INCLUDE_IN_FRAMEWORK_HEADER = YES;
				CLANG_WARN_RANGE_LOOP_ANALYSIS = YES;
				CLANG_WARN_STRICT_PROTOTYPES = YES;
				CLANG_WARN_SUSPICIOUS_MOVE = YES;
				CLANG_WARN_UNGUARDED_AVAILABILITY = YES_AGGRESSIVE;
				CLANG_WARN_UNREACHABLE_CODE = YES;
				CLANG_WARN__DUPLICATE_METHOD_MATCH = YES;
				COPY_PHASE_STRIP = NO;
				DEBUG_INFORMATION_FORMAT = dwarf;
				ENABLE_STRICT_OBJC_MSGSEND = YES;
				ENABLE_TESTABILITY = YES;
				GCC_C_LANGUAGE_STANDARD = gnu11;
				GCC_DYNAMIC_NO_PIC = NO;
				GCC_NO_COMMON_BLOCKS = YES;
				GCC_OPTIMIZATION_LEVEL = 0;
				GCC_PREPROCESSOR_DEFINITIONS = (
					"DEBUG=1",
					"$(inherited)",
				);
				GCC_WARN_64_TO_32_BIT_CONVERSION = YES;
				GCC_WARN_ABOUT_RETURN_TYPE = YES_ERROR;
				GCC_WARN_UNDECLARED_SELECTOR = YES;
				GCC_WARN_UNINITIALIZED_AUTOS = YES_AGGRESSIVE;
				GCC_WARN_UNUSED_FUNCTION = YES;
				GCC_WARN_UNUSED_VARIABLE = YES;
				IPHONEOS_DEPLOYMENT_TARGET = 14.5;
				MTL_ENABLE_DEBUG_INFO = INCLUDE_SOURCE;
				MTL_FAST_MATH = YES;
				ONLY_ACTIVE_ARCH = YES;
				SDKROOT = iphoneos;
				SWIFT_ACTIVE_COMPILATION_CONDITIONS = DEBUG;
				SWIFT_OPTIMIZATION_LEVEL = "-Onone";
			};
			name = Debug;
		};
		BAD30ACB285A234E009BE022 /* Release */ = {
			isa = XCBuildConfiguration;
			buildSettings = {
				ALWAYS_SEARCH_USER_PATHS = NO;
				CLANG_ANALYZER_NONNULL = YES;
				CLANG_ANALYZER_NUMBER_OBJECT_CONVERSION = YES_AGGRESSIVE;
				CLANG_CXX_LANGUAGE_STANDARD = "gnu++14";
				CLANG_CXX_LIBRARY = "libc++";
				CLANG_ENABLE_MODULES = YES;
				CLANG_ENABLE_OBJC_ARC = YES;
				CLANG_ENABLE_OBJC_WEAK = YES;
				CLANG_WARN_BLOCK_CAPTURE_AUTORELEASING = YES;
				CLANG_WARN_BOOL_CONVERSION = YES;
				CLANG_WARN_COMMA = YES;
				CLANG_WARN_CONSTANT_CONVERSION = YES;
				CLANG_WARN_DEPRECATED_OBJC_IMPLEMENTATIONS = YES;
				CLANG_WARN_DIRECT_OBJC_ISA_USAGE = YES_ERROR;
				CLANG_WARN_DOCUMENTATION_COMMENTS = YES;
				CLANG_WARN_EMPTY_BODY = YES;
				CLANG_WARN_ENUM_CONVERSION = YES;
				CLANG_WARN_INFINITE_RECURSION = YES;
				CLANG_WARN_INT_CONVERSION = YES;
				CLANG_WARN_NON_LITERAL_NULL_CONVERSION = YES;
				CLANG_WARN_OBJC_IMPLICIT_RETAIN_SELF = YES;
				CLANG_WARN_OBJC_LITERAL_CONVERSION = YES;
				CLANG_WARN_OBJC_ROOT_CLASS = YES_ERROR;
				CLANG_WARN_QUOTED_INCLUDE_IN_FRAMEWORK_HEADER = YES;
				CLANG_WARN_RANGE_LOOP_ANALYSIS = YES;
				CLANG_WARN_STRICT_PROTOTYPES = YES;
				CLANG_WARN_SUSPICIOUS_MOVE = YES;
				CLANG_WARN_UNGUARDED_AVAILABILITY = YES_AGGRESSIVE;
				CLANG_WARN_UNREACHABLE_CODE = YES;
				CLANG_WARN__DUPLICATE_METHOD_MATCH = YES;
				COPY_PHASE_STRIP = NO;
				DEBUG_INFORMATION_FORMAT = "dwarf-with-dsym";
				ENABLE_NS_ASSERTIONS = NO;
				ENABLE_STRICT_OBJC_MSGSEND = YES;
				GCC_C_LANGUAGE_STANDARD = gnu11;
				GCC_NO_COMMON_BLOCKS = YES;
				GCC_WARN_64_TO_32_BIT_CONVERSION = YES;
				GCC_WARN_ABOUT_RETURN_TYPE = YES_ERROR;
				GCC_WARN_UNDECLARED_SELECTOR = YES;
				GCC_WARN_UNINITIALIZED_AUTOS = YES_AGGRESSIVE;
				GCC_WARN_UNUSED_FUNCTION = YES;
				GCC_WARN_UNUSED_VARIABLE = YES;
				IPHONEOS_DEPLOYMENT_TARGET = 14.5;
				MTL_ENABLE_DEBUG_INFO = NO;
				MTL_FAST_MATH = YES;
				SDKROOT = iphoneos;
				SWIFT_COMPILATION_MODE = wholemodule;
				SWIFT_OPTIMIZATION_LEVEL = "-O";
				VALIDATE_PRODUCT = YES;
			};
			name = Release;
		};
		BAD30ACD285A234E009BE022 /* Debug */ = {
			isa = XCBuildConfiguration;
			buildSettings = {
				ASSETCATALOG_COMPILER_APPICON_NAME = AppIcon;
				ASSETCATALOG_COMPILER_GLOBAL_ACCENT_COLOR_NAME = AccentColor;
				CODE_SIGN_STYLE = Automatic;
				INFOPLIST_FILE = consultaCEP/Info.plist;
				LD_RUNPATH_SEARCH_PATHS = (
					"$(inherited)",
					"@executable_path/Frameworks",
				);
				PRODUCT_BUNDLE_IDENTIFIER = com.eruin.consultaCEP;
				PRODUCT_NAME = "$(TARGET_NAME)";
				SWIFT_VERSION = 5.0;
				TARGETED_DEVICE_FAMILY = "1,2";
			};
			name = Debug;
		};
		BAD30ACE285A234E009BE022 /* Release */ = {
			isa = XCBuildConfiguration;
			buildSettings = {
				ASSETCATALOG_COMPILER_APPICON_NAME = AppIcon;
				ASSETCATALOG_COMPILER_GLOBAL_ACCENT_COLOR_NAME = AccentColor;
				CODE_SIGN_STYLE = Automatic;
				INFOPLIST_FILE = consultaCEP/Info.plist;
				LD_RUNPATH_SEARCH_PATHS = (
					"$(inherited)",
					"@executable_path/Frameworks",
				);
				PRODUCT_BUNDLE_IDENTIFIER = com.eruin.consultaCEP;
				PRODUCT_NAME = "$(TARGET_NAME)";
				SWIFT_VERSION = 5.0;
				TARGETED_DEVICE_FAMILY = "1,2";
			};
			name = Release;
		};
/* End XCBuildConfiguration section */

/* Begin XCConfigurationList section */
		BAD30AB3285A234A009BE022 /* Build configuration list for PBXProject "consultaCEP" */ = {
			isa = XCConfigurationList;
			buildConfigurations = (
				BAD30ACA285A234E009BE022 /* Debug */,
				BAD30ACB285A234E009BE022 /* Release */,
			);
			defaultConfigurationIsVisible = 0;
			defaultConfigurationName = Release;
		};
		BAD30ACC285A234E009BE022 /* Build configuration list for PBXNativeTarget "consultaCEP" */ = {
			isa = XCConfigurationList;
			buildConfigurations = (
				BAD30ACD285A234E009BE022 /* Debug */,
				BAD30ACE285A234E009BE022 /* Release */,
			);
			defaultConfigurationIsVisible = 0;
			defaultConfigurationName = Release;
		};
/* End XCConfigurationList section */
	};
	rootObject = BAD30AB0285A234A009BE022 /* Project object */;
}
